// !$*UTF8*$!
{
	archiveVersion = 1;
	classes = {
	};
	objectVersion = 46;
	objects = {

/* Begin PBXBuildFile section */
		A3D020FC1CF35D1400EC7C0D /* AudioManager.cpp in Sources */ = {isa = PBXBuildFile; fileRef = A3D020FA1CF35D1400EC7C0D /* AudioManager.cpp */; };
		A3D020FD1CF35D1400EC7C0D /* AudioManager.hpp in Headers */ = {isa = PBXBuildFile; fileRef = A3D020FB1CF35D1400EC7C0D /* AudioManager.hpp */; };
		A3D021001CF35ED800EC7C0D /* AudioFile.cpp in Sources */ = {isa = PBXBuildFile; fileRef = A3D020FE1CF35ED800EC7C0D /* AudioFile.cpp */; };
		A3D021011CF35ED800EC7C0D /* AudioFile.hpp in Headers */ = {isa = PBXBuildFile; fileRef = A3D020FF1CF35ED800EC7C0D /* AudioFile.hpp */; };
		A3D021041CF365AE00EC7C0D /* AudioDSPKernel.cpp in Sources */ = {isa = PBXBuildFile; fileRef = A3D021021CF365AE00EC7C0D /* AudioDSPKernel.cpp */; };
		A3D021051CF365AE00EC7C0D /* AudioDSPKernel.hpp in Headers */ = {isa = PBXBuildFile; fileRef = A3D021031CF365AE00EC7C0D /* AudioDSPKernel.hpp */; };
		A3D021071CF365D100EC7C0D /* libblockdsp.h in Headers */ = {isa = PBXBuildFile; fileRef = A3D021061CF365D100EC7C0D /* libblockdsp.h */; };
/* End PBXBuildFile section */

/* Begin PBXFileReference section */
		A3D020F31CF35CC800EC7C0D /* libblockdsp.a */ = {isa = PBXFileReference; explicitFileType = archive.ar; includeInIndex = 0; path = libblockdsp.a; sourceTree = BUILT_PRODUCTS_DIR; };
		A3D020FA1CF35D1400EC7C0D /* AudioManager.cpp */ = {isa = PBXFileReference; fileEncoding = 4; lastKnownFileType = sourcecode.cpp.cpp; path = AudioManager.cpp; sourceTree = "<group>"; };
		A3D020FB1CF35D1400EC7C0D /* AudioManager.hpp */ = {isa = PBXFileReference; fileEncoding = 4; lastKnownFileType = sourcecode.cpp.h; path = AudioManager.hpp; sourceTree = "<group>"; };
		A3D020FE1CF35ED800EC7C0D /* AudioFile.cpp */ = {isa = PBXFileReference; fileEncoding = 4; lastKnownFileType = sourcecode.cpp.cpp; path = AudioFile.cpp; sourceTree = "<group>"; };
		A3D020FF1CF35ED800EC7C0D /* AudioFile.hpp */ = {isa = PBXFileReference; fileEncoding = 4; lastKnownFileType = sourcecode.cpp.h; path = AudioFile.hpp; sourceTree = "<group>"; };
		A3D021021CF365AE00EC7C0D /* AudioDSPKernel.cpp */ = {isa = PBXFileReference; fileEncoding = 4; lastKnownFileType = sourcecode.cpp.cpp; path = AudioDSPKernel.cpp; sourceTree = "<group>"; };
		A3D021031CF365AE00EC7C0D /* AudioDSPKernel.hpp */ = {isa = PBXFileReference; fileEncoding = 4; lastKnownFileType = sourcecode.cpp.h; path = AudioDSPKernel.hpp; sourceTree = "<group>"; };
		A3D021061CF365D100EC7C0D /* libblockdsp.h */ = {isa = PBXFileReference; fileEncoding = 4; lastKnownFileType = sourcecode.c.h; path = libblockdsp.h; sourceTree = "<group>"; };
/* End PBXFileReference section */

/* Begin PBXFrameworksBuildPhase section */
		A3D020F01CF35CC800EC7C0D /* Frameworks */ = {
			isa = PBXFrameworksBuildPhase;
			buildActionMask = 2147483647;
			files = (
			);
			runOnlyForDeploymentPostprocessing = 0;
		};
/* End PBXFrameworksBuildPhase section */

/* Begin PBXGroup section */
		A3D020EA1CF35CC800EC7C0D = {
			isa = PBXGroup;
			children = (
				A3D021061CF365D100EC7C0D /* libblockdsp.h */,
				A3D020FB1CF35D1400EC7C0D /* AudioManager.hpp */,
				A3D020FA1CF35D1400EC7C0D /* AudioManager.cpp */,
				A3D021021CF365AE00EC7C0D /* AudioDSPKernel.cpp */,
				A3D021031CF365AE00EC7C0D /* AudioDSPKernel.hpp */,
				A3D020FF1CF35ED800EC7C0D /* AudioFile.hpp */,
				A3D020FE1CF35ED800EC7C0D /* AudioFile.cpp */,
				A3D020F41CF35CC800EC7C0D /* Products */,
			);
			sourceTree = "<group>";
		};
		A3D020F41CF35CC800EC7C0D /* Products */ = {
			isa = PBXGroup;
			children = (
				A3D020F31CF35CC800EC7C0D /* libblockdsp.a */,
			);
			name = Products;
			sourceTree = "<group>";
		};
/* End PBXGroup section */

/* Begin PBXHeadersBuildPhase section */
		A3D020F11CF35CC800EC7C0D /* Headers */ = {
			isa = PBXHeadersBuildPhase;
			buildActionMask = 2147483647;
			files = (
				A3D021071CF365D100EC7C0D /* libblockdsp.h in Headers */,
				A3D020FD1CF35D1400EC7C0D /* AudioManager.hpp in Headers */,
				A3D021051CF365AE00EC7C0D /* AudioDSPKernel.hpp in Headers */,
				A3D021011CF35ED800EC7C0D /* AudioFile.hpp in Headers */,
			);
			runOnlyForDeploymentPostprocessing = 0;
		};
/* End PBXHeadersBuildPhase section */

/* Begin PBXNativeTarget section */
		A3D020F21CF35CC800EC7C0D /* libblockdsp */ = {
			isa = PBXNativeTarget;
			buildConfigurationList = A3D020F71CF35CC800EC7C0D /* Build configuration list for PBXNativeTarget "libblockdsp" */;
			buildPhases = (
				A3D020EF1CF35CC800EC7C0D /* Sources */,
				A3D020F01CF35CC800EC7C0D /* Frameworks */,
				A3D020F11CF35CC800EC7C0D /* Headers */,
			);
			buildRules = (
			);
			dependencies = (
			);
			name = libblockdsp;
			productName = libblockdsp;
			productReference = A3D020F31CF35CC800EC7C0D /* libblockdsp.a */;
			productType = "com.apple.product-type.library.static";
		};
/* End PBXNativeTarget section */

/* Begin PBXProject section */
		A3D020EB1CF35CC800EC7C0D /* Project object */ = {
			isa = PBXProject;
			attributes = {
				LastUpgradeCheck = 0730;
				ORGANIZATIONNAME = "Luke Habermehl";
				TargetAttributes = {
					A3D020F21CF35CC800EC7C0D = {
						CreatedOnToolsVersion = 7.3.1;
					};
				};
			};
			buildConfigurationList = A3D020EE1CF35CC800EC7C0D /* Build configuration list for PBXProject "libblockdsp" */;
			compatibilityVersion = "Xcode 3.2";
			developmentRegion = English;
			hasScannedForEncodings = 0;
			knownRegions = (
				en,
			);
			mainGroup = A3D020EA1CF35CC800EC7C0D;
			productRefGroup = A3D020F41CF35CC800EC7C0D /* Products */;
			projectDirPath = "";
			projectRoot = "";
			targets = (
				A3D020F21CF35CC800EC7C0D /* libblockdsp */,
			);
		};
/* End PBXProject section */

/* Begin PBXSourcesBuildPhase section */
		A3D020EF1CF35CC800EC7C0D /* Sources */ = {
			isa = PBXSourcesBuildPhase;
			buildActionMask = 2147483647;
			files = (
				A3D021041CF365AE00EC7C0D /* AudioDSPKernel.cpp in Sources */,
				A3D021001CF35ED800EC7C0D /* AudioFile.cpp in Sources */,
				A3D020FC1CF35D1400EC7C0D /* AudioManager.cpp in Sources */,
			);
			runOnlyForDeploymentPostprocessing = 0;
		};
/* End PBXSourcesBuildPhase section */

/* Begin XCBuildConfiguration section */
		A3D020F51CF35CC800EC7C0D /* Debug */ = {
			isa = XCBuildConfiguration;
			buildSettings = {
				ALWAYS_SEARCH_USER_PATHS = NO;
				CLANG_ANALYZER_NONNULL = YES;
				CLANG_CXX_LANGUAGE_STANDARD = "gnu++0x";
				CLANG_CXX_LIBRARY = "libc++";
				CLANG_ENABLE_MODULES = YES;
				CLANG_ENABLE_OBJC_ARC = YES;
				CLANG_WARN_BOOL_CONVERSION = YES;
				CLANG_WARN_CONSTANT_CONVERSION = YES;
				CLANG_WARN_DIRECT_OBJC_ISA_USAGE = YES_ERROR;
				CLANG_WARN_EMPTY_BODY = YES;
				CLANG_WARN_ENUM_CONVERSION = YES;
				CLANG_WARN_INT_CONVERSION = YES;
				CLANG_WARN_OBJC_ROOT_CLASS = YES_ERROR;
				CLANG_WARN_UNREACHABLE_CODE = YES;
				CLANG_WARN__DUPLICATE_METHOD_MATCH = YES;
				CODE_SIGN_IDENTITY = "-";
				COPY_PHASE_STRIP = NO;
				DEBUG_INFORMATION_FORMAT = dwarf;
				ENABLE_STRICT_OBJC_MSGSEND = YES;
				ENABLE_TESTABILITY = YES;
				GCC_C_LANGUAGE_STANDARD = gnu99;
				GCC_DYNAMIC_NO_PIC = NO;
				GCC_NO_COMMON_BLOCKS = YES;
				GCC_OPTIMIZATION_LEVEL = 0;
				GCC_PREPROCESSOR_DEFINITIONS = (
					"DEBUG=1",
					"$(inherited)",
				);
				GCC_WARN_64_TO_32_BIT_CONVERSION = YES;
				GCC_WARN_ABOUT_RETURN_TYPE = YES_ERROR;
				GCC_WARN_UNDECLARED_SELECTOR = YES;
				GCC_WARN_UNINITIALIZED_AUTOS = YES_AGGRESSIVE;
				GCC_WARN_UNUSED_FUNCTION = YES;
				GCC_WARN_UNUSED_VARIABLE = YES;
				MACOSX_DEPLOYMENT_TARGET = 10.11;
				MTL_ENABLE_DEBUG_INFO = YES;
				ONLY_ACTIVE_ARCH = YES;
				SDKROOT = macosx;
			};
			name = Debug;
		};
		A3D020F61CF35CC800EC7C0D /* Release */ = {
			isa = XCBuildConfiguration;
			buildSettings = {
				ALWAYS_SEARCH_USER_PATHS = NO;
				CLANG_ANALYZER_NONNULL = YES;
				CLANG_CXX_LANGUAGE_STANDARD = "gnu++0x";
				CLANG_CXX_LIBRARY = "libc++";
				CLANG_ENABLE_MODULES = YES;
				CLANG_ENABLE_OBJC_ARC = YES;
				CLANG_WARN_BOOL_CONVERSION = YES;
				CLANG_WARN_CONSTANT_CONVERSION = YES;
				CLANG_WARN_DIRECT_OBJC_ISA_USAGE = YES_ERROR;
				CLANG_WARN_EMPTY_BODY = YES;
				CLANG_WARN_ENUM_CONVERSION = YES;
				CLANG_WARN_INT_CONVERSION = YES;
				CLANG_WARN_OBJC_ROOT_CLASS = YES_ERROR;
				CLANG_WARN_UNREACHABLE_CODE = YES;
				CLANG_WARN__DUPLICATE_METHOD_MATCH = YES;
				CODE_SIGN_IDENTITY = "-";
				COPY_PHASE_STRIP = NO;
				DEBUG_INFORMATION_FORMAT = "dwarf-with-dsym";
				ENABLE_NS_ASSERTIONS = NO;
				ENABLE_STRICT_OBJC_MSGSEND = YES;
				GCC_C_LANGUAGE_STANDARD = gnu99;
				GCC_NO_COMMON_BLOCKS = YES;
				GCC_WARN_64_TO_32_BIT_CONVERSION = YES;
				GCC_WARN_ABOUT_RETURN_TYPE = YES_ERROR;
				GCC_WARN_UNDECLARED_SELECTOR = YES;
				GCC_WARN_UNINITIALIZED_AUTOS = YES_AGGRESSIVE;
				GCC_WARN_UNUSED_FUNCTION = YES;
				GCC_WARN_UNUSED_VARIABLE = YES;
				MACOSX_DEPLOYMENT_TARGET = 10.11;
				MTL_ENABLE_DEBUG_INFO = NO;
				SDKROOT = macosx;
			};
			name = Release;
		};
		A3D020F81CF35CC800EC7C0D /* Debug */ = {
			isa = XCBuildConfiguration;
			buildSettings = {
				EXECUTABLE_PREFIX = "";
				HEADER_SEARCH_PATHS = /usr/local/include;
				LIBRARY_SEARCH_PATHS = /usr/local/lib;
				OTHER_LDFLAGS = "-lportaudio";
				PRODUCT_NAME = "$(TARGET_NAME)";
			};
			name = Debug;
		};
		A3D020F91CF35CC800EC7C0D /* Release */ = {
			isa = XCBuildConfiguration;
			buildSettings = {
				EXECUTABLE_PREFIX = "";
				HEADER_SEARCH_PATHS = /usr/local/include;
				LIBRARY_SEARCH_PATHS = /usr/local/lib;
				OTHER_LDFLAGS = "-lportaudio";
				PRODUCT_NAME = "$(TARGET_NAME)";
			};
			name = Release;
		};
/* End XCBuildConfiguration section */

/* Begin XCConfigurationList section */
		A3D020EE1CF35CC800EC7C0D /* Build configuration list for PBXProject "libblockdsp" */ = {
			isa = XCConfigurationList;
			buildConfigurations = (
				A3D020F51CF35CC800EC7C0D /* Debug */,
				A3D020F61CF35CC800EC7C0D /* Release */,
			);
			defaultConfigurationIsVisible = 0;
			defaultConfigurationName = Release;
		};
		A3D020F71CF35CC800EC7C0D /* Build configuration list for PBXNativeTarget "libblockdsp" */ = {
			isa = XCConfigurationList;
			buildConfigurations = (
				A3D020F81CF35CC800EC7C0D /* Debug */,
				A3D020F91CF35CC800EC7C0D /* Release */,
			);
			defaultConfigurationIsVisible = 0;
		};
/* End XCConfigurationList section */
	};
	rootObject = A3D020EB1CF35CC800EC7C0D /* Project object */;
}
