// !$*UTF8*$!
{
	archiveVersion = 1;
	classes = {
	};
	objectVersion = 46;
	objects = {

/* Begin PBXBuildFile section */
		A31E342A1CFCBC810051A6FB /* bdsp_compiler.hpp in Headers */ = {isa = PBXBuildFile; fileRef = A31E34281CFCBC810051A6FB /* bdsp_compiler.hpp */; settings = {ATTRIBUTES = (Public, ); }; };
		A31E342E1CFCBC920051A6FB /* bdsp_apuloader_private.hpp in Headers */ = {isa = PBXBuildFile; fileRef = A31E342B1CFCBC920051A6FB /* bdsp_apuloader_private.hpp */; };
		A31E342F1CFCBC920051A6FB /* bdsp_codebuilder_private.hpp in Headers */ = {isa = PBXBuildFile; fileRef = A31E342C1CFCBC920051A6FB /* bdsp_codebuilder_private.hpp */; };
		A31E34301CFCBC920051A6FB /* bdsp_compiler_private.hpp in Headers */ = {isa = PBXBuildFile; fileRef = A31E342D1CFCBC920051A6FB /* bdsp_compiler_private.hpp */; };
		A31E34341CFCBCA60051A6FB /* bdsp_node_private.hpp in Headers */ = {isa = PBXBuildFile; fileRef = A31E34311CFCBCA60051A6FB /* bdsp_node_private.hpp */; };
		A31E34361CFCBCA60051A6FB /* bdsp_parameter_private.hpp in Headers */ = {isa = PBXBuildFile; fileRef = A31E34331CFCBCA60051A6FB /* bdsp_parameter_private.hpp */; };
		A31E34381CFCBCAC0051A6FB /* bdsp_system_private.hpp in Headers */ = {isa = PBXBuildFile; fileRef = A31E34371CFCBCAC0051A6FB /* bdsp_system_private.hpp */; };
		A31E343B1CFCBCBD0051A6FB /* autil_file_private.hpp in Headers */ = {isa = PBXBuildFile; fileRef = A31E34391CFCBCBD0051A6FB /* autil_file_private.hpp */; };
		A31E343C1CFCBCBD0051A6FB /* autil_manager_private.hpp in Headers */ = {isa = PBXBuildFile; fileRef = A31E343A1CFCBCBD0051A6FB /* autil_manager_private.hpp */; };
		A31E34401CFCBD8F0051A6FB /* bdsp_logger.cpp in Sources */ = {isa = PBXBuildFile; fileRef = A31E343E1CFCBD8F0051A6FB /* bdsp_logger.cpp */; };
		A31E34411CFCBD8F0051A6FB /* bdsp_logger.hpp in Headers */ = {isa = PBXBuildFile; fileRef = A31E343F1CFCBD8F0051A6FB /* bdsp_logger.hpp */; settings = {ATTRIBUTES = (Public, ); }; };
		A32854871D6489DD0052B516 /* bdsp_builtin_delay.cpp in Sources */ = {isa = PBXBuildFile; fileRef = A32854851D6489DD0052B516 /* bdsp_builtin_delay.cpp */; };
		A32854881D6489DD0052B516 /* bdsp_builtin_delay.hpp in Headers */ = {isa = PBXBuildFile; fileRef = A32854861D6489DD0052B516 /* bdsp_builtin_delay.hpp */; };
		A329C6301D15997000D8D7CF /* blockdsp.h in Headers */ = {isa = PBXBuildFile; fileRef = A329C62F1D1596B800D8D7CF /* blockdsp.h */; settings = {ATTRIBUTES = (Public, ); }; };
		A32A76981DBEDB81004EE537 /* bdsp_builtin_gain.cpp in Sources */ = {isa = PBXBuildFile; fileRef = A32A76961DBEDB81004EE537 /* bdsp_builtin_gain.cpp */; };
		A32A76991DBEDB81004EE537 /* bdsp_builtin_gain.hpp in Headers */ = {isa = PBXBuildFile; fileRef = A32A76971DBEDB81004EE537 /* bdsp_builtin_gain.hpp */; };
		A336EEDE1D83298E00CA4059 /* autil_parametermap.cpp in Sources */ = {isa = PBXBuildFile; fileRef = A336EEDC1D83298E00CA4059 /* autil_parametermap.cpp */; };
		A336EEDF1D83298E00CA4059 /* autil_parametermap.hpp in Headers */ = {isa = PBXBuildFile; fileRef = A336EEDD1D83298E00CA4059 /* autil_parametermap.hpp */; };
		A33E2CA21D7483BB0067422B /* autil_uiattrs.h in Headers */ = {isa = PBXBuildFile; fileRef = A33E2CA11D7483BB0067422B /* autil_uiattrs.h */; };
		A342C6C91CF3ED9E000E354E /* main.cpp in Sources */ = {isa = PBXBuildFile; fileRef = A342C6C81CF3ED9E000E354E /* main.cpp */; };
		A34593731D6F59080055B14C /* autil_number.cpp in Sources */ = {isa = PBXBuildFile; fileRef = A34593711D6F59080055B14C /* autil_number.cpp */; };
		A34593741D6F59080055B14C /* autil_number.hpp in Headers */ = {isa = PBXBuildFile; fileRef = A34593721D6F59080055B14C /* autil_number.hpp */; };
		A3569AFF1D70B8FD0055D991 /* autil_parameter.cpp in Sources */ = {isa = PBXBuildFile; fileRef = A3569AFD1D70B8FD0055D991 /* autil_parameter.cpp */; };
		A3569B001D70B8FD0055D991 /* autil_parameter.hpp in Headers */ = {isa = PBXBuildFile; fileRef = A3569AFE1D70B8FD0055D991 /* autil_parameter.hpp */; };
		A35AD08C1D633E5000875A78 /* bdsp_node_apu.cpp in Sources */ = {isa = PBXBuildFile; fileRef = A35AD08A1D633E5000875A78 /* bdsp_node_apu.cpp */; };
		A35AD08D1D633E5000875A78 /* bdsp_node_apu.hpp in Headers */ = {isa = PBXBuildFile; fileRef = A35AD08B1D633E5000875A78 /* bdsp_node_apu.hpp */; };
		A379CF801D4D4770008A6961 /* autil_thread_manager.cpp in Sources */ = {isa = PBXBuildFile; fileRef = A379CF7F1D4D4770008A6961 /* autil_thread_manager.cpp */; };
		A3A02BAB1D40F83500AF8825 /* bdsp_compiler.cpp in Sources */ = {isa = PBXBuildFile; fileRef = A3A02BAA1D40F83500AF8825 /* bdsp_compiler.cpp */; };
		A3CCF9B51D26027300B521E3 /* bdsp_logger_private.hpp in Headers */ = {isa = PBXBuildFile; fileRef = A3CCF9B41D26027300B521E3 /* bdsp_logger_private.hpp */; };
		A3D16D3B1CFB231600B99903 /* bdsp_apuloader.cpp in Sources */ = {isa = PBXBuildFile; fileRef = A3D16D391CFB231600B99903 /* bdsp_apuloader.cpp */; };
		A3D16D3C1CFB231600B99903 /* bdsp_apuloader.hpp in Headers */ = {isa = PBXBuildFile; fileRef = A3D16D3A1CFB231600B99903 /* bdsp_apuloader.hpp */; settings = {ATTRIBUTES = (Public, ); }; };
		A3D9EBD81D81D44D0092FD24 /* autil_stringlist.cpp in Sources */ = {isa = PBXBuildFile; fileRef = A3D9EBD61D81D44D0092FD24 /* autil_stringlist.cpp */; };
		A3D9EBD91D81D44D0092FD24 /* autil_stringlist.hpp in Headers */ = {isa = PBXBuildFile; fileRef = A3D9EBD71D81D44D0092FD24 /* autil_stringlist.hpp */; };
		A3F744561CF653C10004C79A /* autil_dspkernel.cpp in Sources */ = {isa = PBXBuildFile; fileRef = A3F7444E1CF653C10004C79A /* autil_dspkernel.cpp */; };
		A3F744571CF653C10004C79A /* autil_dspkernel.hpp in Headers */ = {isa = PBXBuildFile; fileRef = A3F7444F1CF653C10004C79A /* autil_dspkernel.hpp */; };
		A3F744581CF653C10004C79A /* autil_file.cpp in Sources */ = {isa = PBXBuildFile; fileRef = A3F744501CF653C10004C79A /* autil_file.cpp */; };
		A3F744591CF653C10004C79A /* autil_file.hpp in Headers */ = {isa = PBXBuildFile; fileRef = A3F744511CF653C10004C79A /* autil_file.hpp */; settings = {ATTRIBUTES = (Public, ); }; };
		A3F7445A1CF653C10004C79A /* autil_manager.cpp in Sources */ = {isa = PBXBuildFile; fileRef = A3F744521CF653C10004C79A /* autil_manager.cpp */; };
		A3F7445B1CF653C10004C79A /* autil_manager.hpp in Headers */ = {isa = PBXBuildFile; fileRef = A3F744531CF653C10004C79A /* autil_manager.hpp */; settings = {ATTRIBUTES = (Public, ); }; };
		A3F7445C1CF653C10004C79A /* autil_audioprocessingunit.cpp in Sources */ = {isa = PBXBuildFile; fileRef = A3F744541CF653C10004C79A /* autil_audioprocessingunit.cpp */; };
		A3F7445D1CF653C10004C79A /* autil_audioprocessingunit.hpp in Headers */ = {isa = PBXBuildFile; fileRef = A3F744551CF653C10004C79A /* autil_audioprocessingunit.hpp */; settings = {ATTRIBUTES = (Public, ); }; };
		A3F7446B1CF653F70004C79A /* bdsp_apu.cpp in Sources */ = {isa = PBXBuildFile; fileRef = A3F7445E1CF653F70004C79A /* bdsp_apu.cpp */; };
		A3F7446C1CF653F70004C79A /* bdsp_apu.hpp in Headers */ = {isa = PBXBuildFile; fileRef = A3F7445F1CF653F70004C79A /* bdsp_apu.hpp */; settings = {ATTRIBUTES = (Public, ); }; };
		A3F7446D1CF653F70004C79A /* bdsp_node.cpp in Sources */ = {isa = PBXBuildFile; fileRef = A3F744601CF653F70004C79A /* bdsp_node.cpp */; };
		A3F7446E1CF653F70004C79A /* bdsp_node.hpp in Headers */ = {isa = PBXBuildFile; fileRef = A3F744611CF653F70004C79A /* bdsp_node.hpp */; settings = {ATTRIBUTES = (Public, ); }; };
		A3F744711CF653F70004C79A /* bdsp_parameter.cpp in Sources */ = {isa = PBXBuildFile; fileRef = A3F744641CF653F70004C79A /* bdsp_parameter.cpp */; };
		A3F744721CF653F70004C79A /* bdsp_parameter.hpp in Headers */ = {isa = PBXBuildFile; fileRef = A3F744651CF653F70004C79A /* bdsp_parameter.hpp */; settings = {ATTRIBUTES = (Public, ); }; };
		A3F744731CF653F70004C79A /* bdsp_system.cpp in Sources */ = {isa = PBXBuildFile; fileRef = A3F744661CF653F70004C79A /* bdsp_system.cpp */; };
		A3F744741CF653F70004C79A /* bdsp_system.hpp in Headers */ = {isa = PBXBuildFile; fileRef = A3F744671CF653F70004C79A /* bdsp_system.hpp */; settings = {ATTRIBUTES = (Public, ); }; };
		A3F744751CF653F70004C79A /* dsputil_delaybuffer.cpp in Sources */ = {isa = PBXBuildFile; fileRef = A3F744681CF653F70004C79A /* dsputil_delaybuffer.cpp */; };
		A3F744761CF653F70004C79A /* dsputil_delaybuffer.hpp in Headers */ = {isa = PBXBuildFile; fileRef = A3F744691CF653F70004C79A /* dsputil_delaybuffer.hpp */; };
		A3F744771CF653F70004C79A /* dsphelpers.hpp in Headers */ = {isa = PBXBuildFile; fileRef = A3F7446A1CF653F70004C79A /* dsphelpers.hpp */; };
		A3F744811CF656860004C79A /* bdsp_codebuilder.cpp in Sources */ = {isa = PBXBuildFile; fileRef = A3F7447F1CF656860004C79A /* bdsp_codebuilder.cpp */; };
		A3F744821CF656860004C79A /* bdsp_codebuilder.hpp in Headers */ = {isa = PBXBuildFile; fileRef = A3F744801CF656860004C79A /* bdsp_codebuilder.hpp */; settings = {ATTRIBUTES = (Public, ); }; };
/* End PBXBuildFile section */

/* Begin PBXCopyFilesBuildPhase section */
		A342C6C41CF3ED9E000E354E /* CopyFiles */ = {
			isa = PBXCopyFilesBuildPhase;
			buildActionMask = 2147483647;
			dstPath = usr/share/man/man1;
			dstSubfolderSpec = 16;
			files = (
			);
			runOnlyForDeploymentPostprocessing = 1;
		};
/* End PBXCopyFilesBuildPhase section */

/* Begin PBXFileReference section */
		A31E34281CFCBC810051A6FB /* bdsp_compiler.hpp */ = {isa = PBXFileReference; fileEncoding = 4; lastKnownFileType = sourcecode.cpp.h; name = bdsp_compiler.hpp; path = "Code Generation/bdsp_compiler.hpp"; sourceTree = "<group>"; };
		A31E342B1CFCBC920051A6FB /* bdsp_apuloader_private.hpp */ = {isa = PBXFileReference; fileEncoding = 4; lastKnownFileType = sourcecode.cpp.h; name = bdsp_apuloader_private.hpp; path = "Code Generation/bdsp_apuloader_private.hpp"; sourceTree = "<group>"; };
		A31E342C1CFCBC920051A6FB /* bdsp_codebuilder_private.hpp */ = {isa = PBXFileReference; fileEncoding = 4; lastKnownFileType = sourcecode.cpp.h; name = bdsp_codebuilder_private.hpp; path = "Code Generation/bdsp_codebuilder_private.hpp"; sourceTree = "<group>"; };
		A31E342D1CFCBC920051A6FB /* bdsp_compiler_private.hpp */ = {isa = PBXFileReference; fileEncoding = 4; lastKnownFileType = sourcecode.cpp.h; name = bdsp_compiler_private.hpp; path = "Code Generation/bdsp_compiler_private.hpp"; sourceTree = "<group>"; };
		A31E34311CFCBCA60051A6FB /* bdsp_node_private.hpp */ = {isa = PBXFileReference; fileEncoding = 4; lastKnownFileType = sourcecode.cpp.h; name = bdsp_node_private.hpp; path = BlockDSP/bdsp_node_private.hpp; sourceTree = "<group>"; };
		A31E34331CFCBCA60051A6FB /* bdsp_parameter_private.hpp */ = {isa = PBXFileReference; fileEncoding = 4; lastKnownFileType = sourcecode.cpp.h; name = bdsp_parameter_private.hpp; path = BlockDSP/bdsp_parameter_private.hpp; sourceTree = "<group>"; };
		A31E34371CFCBCAC0051A6FB /* bdsp_system_private.hpp */ = {isa = PBXFileReference; fileEncoding = 4; lastKnownFileType = sourcecode.cpp.h; name = bdsp_system_private.hpp; path = BlockDSP/bdsp_system_private.hpp; sourceTree = "<group>"; };
		A31E34391CFCBCBD0051A6FB /* autil_file_private.hpp */ = {isa = PBXFileReference; fileEncoding = 4; lastKnownFileType = sourcecode.cpp.h; name = autil_file_private.hpp; path = "Audio Manager/autil_file_private.hpp"; sourceTree = "<group>"; };
		A31E343A1CFCBCBD0051A6FB /* autil_manager_private.hpp */ = {isa = PBXFileReference; fileEncoding = 4; lastKnownFileType = sourcecode.cpp.h; name = autil_manager_private.hpp; path = "Audio Manager/autil_manager_private.hpp"; sourceTree = "<group>"; };
		A31E343E1CFCBD8F0051A6FB /* bdsp_logger.cpp */ = {isa = PBXFileReference; fileEncoding = 4; lastKnownFileType = sourcecode.cpp.cpp; name = bdsp_logger.cpp; path = Logger/bdsp_logger.cpp; sourceTree = "<group>"; };
		A31E343F1CFCBD8F0051A6FB /* bdsp_logger.hpp */ = {isa = PBXFileReference; fileEncoding = 4; lastKnownFileType = sourcecode.cpp.h; name = bdsp_logger.hpp; path = Logger/bdsp_logger.hpp; sourceTree = "<group>"; };
		A32854851D6489DD0052B516 /* bdsp_builtin_delay.cpp */ = {isa = PBXFileReference; fileEncoding = 4; lastKnownFileType = sourcecode.cpp.cpp; name = bdsp_builtin_delay.cpp; path = BuiltIns/bdsp_builtin_delay.cpp; sourceTree = "<group>"; };
		A32854861D6489DD0052B516 /* bdsp_builtin_delay.hpp */ = {isa = PBXFileReference; fileEncoding = 4; lastKnownFileType = sourcecode.cpp.h; name = bdsp_builtin_delay.hpp; path = BuiltIns/bdsp_builtin_delay.hpp; sourceTree = "<group>"; };
		A329C62F1D1596B800D8D7CF /* blockdsp.h */ = {isa = PBXFileReference; lastKnownFileType = sourcecode.c.h; path = blockdsp.h; sourceTree = "<group>"; };
		A32A76961DBEDB81004EE537 /* bdsp_builtin_gain.cpp */ = {isa = PBXFileReference; fileEncoding = 4; lastKnownFileType = sourcecode.cpp.cpp; name = bdsp_builtin_gain.cpp; path = BuiltIns/bdsp_builtin_gain.cpp; sourceTree = "<group>"; };
		A32A76971DBEDB81004EE537 /* bdsp_builtin_gain.hpp */ = {isa = PBXFileReference; fileEncoding = 4; lastKnownFileType = sourcecode.cpp.h; name = bdsp_builtin_gain.hpp; path = BuiltIns/bdsp_builtin_gain.hpp; sourceTree = "<group>"; };
		A336EEDC1D83298E00CA4059 /* autil_parametermap.cpp */ = {isa = PBXFileReference; fileEncoding = 4; lastKnownFileType = sourcecode.cpp.cpp; name = autil_parametermap.cpp; path = "Audio Manager/autil_parametermap.cpp"; sourceTree = "<group>"; };
		A336EEDD1D83298E00CA4059 /* autil_parametermap.hpp */ = {isa = PBXFileReference; fileEncoding = 4; lastKnownFileType = sourcecode.cpp.h; name = autil_parametermap.hpp; path = "Audio Manager/autil_parametermap.hpp"; sourceTree = "<group>"; };
		A336EEE01D832CC500CA4059 /* autil_parametermap_private.hpp */ = {isa = PBXFileReference; lastKnownFileType = sourcecode.cpp.h; name = autil_parametermap_private.hpp; path = "Audio Manager/autil_parametermap_private.hpp"; sourceTree = "<group>"; };
		A33E2CA11D7483BB0067422B /* autil_uiattrs.h */ = {isa = PBXFileReference; fileEncoding = 4; lastKnownFileType = sourcecode.c.h; name = autil_uiattrs.h; path = "Audio Manager/autil_uiattrs.h"; sourceTree = "<group>"; };
		A342C6C61CF3ED9E000E354E /* dsptest */ = {isa = PBXFileReference; explicitFileType = "compiled.mach-o.executable"; includeInIndex = 0; path = dsptest; sourceTree = BUILT_PRODUCTS_DIR; };
		A342C6C81CF3ED9E000E354E /* main.cpp */ = {isa = PBXFileReference; lastKnownFileType = sourcecode.cpp.cpp; path = main.cpp; sourceTree = "<group>"; };
		A34593711D6F59080055B14C /* autil_number.cpp */ = {isa = PBXFileReference; fileEncoding = 4; lastKnownFileType = sourcecode.cpp.cpp; name = autil_number.cpp; path = "Audio Manager/autil_number.cpp"; sourceTree = "<group>"; };
		A34593721D6F59080055B14C /* autil_number.hpp */ = {isa = PBXFileReference; fileEncoding = 4; lastKnownFileType = sourcecode.cpp.h; name = autil_number.hpp; path = "Audio Manager/autil_number.hpp"; sourceTree = "<group>"; };
		A3569AFD1D70B8FD0055D991 /* autil_parameter.cpp */ = {isa = PBXFileReference; fileEncoding = 4; lastKnownFileType = sourcecode.cpp.cpp; name = autil_parameter.cpp; path = "Audio Manager/autil_parameter.cpp"; sourceTree = "<group>"; };
		A3569AFE1D70B8FD0055D991 /* autil_parameter.hpp */ = {isa = PBXFileReference; fileEncoding = 4; lastKnownFileType = sourcecode.cpp.h; name = autil_parameter.hpp; path = "Audio Manager/autil_parameter.hpp"; sourceTree = "<group>"; };
		A3569B011D70BBFC0055D991 /* autil_parameter_private.hpp */ = {isa = PBXFileReference; lastKnownFileType = sourcecode.cpp.h; name = autil_parameter_private.hpp; path = "Audio Manager/autil_parameter_private.hpp"; sourceTree = "<group>"; };
		A35AD08A1D633E5000875A78 /* bdsp_node_apu.cpp */ = {isa = PBXFileReference; fileEncoding = 4; lastKnownFileType = sourcecode.cpp.cpp; name = bdsp_node_apu.cpp; path = BlockDSP/bdsp_node_apu.cpp; sourceTree = "<group>"; };
		A35AD08B1D633E5000875A78 /* bdsp_node_apu.hpp */ = {isa = PBXFileReference; fileEncoding = 4; lastKnownFileType = sourcecode.cpp.h; name = bdsp_node_apu.hpp; path = BlockDSP/bdsp_node_apu.hpp; sourceTree = "<group>"; };
		A379CF7E1D4D45DF008A6961 /* autil_thread_manager.hpp */ = {isa = PBXFileReference; lastKnownFileType = sourcecode.cpp.h; name = autil_thread_manager.hpp; path = "Audio Manager/autil_thread_manager.hpp"; sourceTree = "<group>"; };
		A379CF7F1D4D4770008A6961 /* autil_thread_manager.cpp */ = {isa = PBXFileReference; fileEncoding = 4; lastKnownFileType = sourcecode.cpp.cpp; name = autil_thread_manager.cpp; path = "Audio Manager/autil_thread_manager.cpp"; sourceTree = "<group>"; };
		A3A02BAA1D40F83500AF8825 /* bdsp_compiler.cpp */ = {isa = PBXFileReference; fileEncoding = 4; lastKnownFileType = sourcecode.cpp.cpp; name = bdsp_compiler.cpp; path = "Code Generation/bdsp_compiler.cpp"; sourceTree = "<group>"; };
		A3CCF9B41D26027300B521E3 /* bdsp_logger_private.hpp */ = {isa = PBXFileReference; fileEncoding = 4; lastKnownFileType = sourcecode.cpp.h; name = bdsp_logger_private.hpp; path = Logger/bdsp_logger_private.hpp; sourceTree = "<group>"; };
		A3D020F31CF35CC800EC7C0D /* libblockdsp.a */ = {isa = PBXFileReference; explicitFileType = archive.ar; includeInIndex = 0; path = libblockdsp.a; sourceTree = BUILT_PRODUCTS_DIR; };
		A3D16D391CFB231600B99903 /* bdsp_apuloader.cpp */ = {isa = PBXFileReference; fileEncoding = 4; lastKnownFileType = sourcecode.cpp.cpp; name = bdsp_apuloader.cpp; path = "Code Generation/bdsp_apuloader.cpp"; sourceTree = "<group>"; };
		A3D16D3A1CFB231600B99903 /* bdsp_apuloader.hpp */ = {isa = PBXFileReference; fileEncoding = 4; lastKnownFileType = sourcecode.cpp.h; name = bdsp_apuloader.hpp; path = "Code Generation/bdsp_apuloader.hpp"; sourceTree = "<group>"; };
		A3D9EBD61D81D44D0092FD24 /* autil_stringlist.cpp */ = {isa = PBXFileReference; fileEncoding = 4; lastKnownFileType = sourcecode.cpp.cpp; name = autil_stringlist.cpp; path = "Audio Manager/autil_stringlist.cpp"; sourceTree = "<group>"; };
		A3D9EBD71D81D44D0092FD24 /* autil_stringlist.hpp */ = {isa = PBXFileReference; fileEncoding = 4; lastKnownFileType = sourcecode.cpp.h; name = autil_stringlist.hpp; path = "Audio Manager/autil_stringlist.hpp"; sourceTree = "<group>"; };
		A3D9EBDA1D81D5540092FD24 /* autil_stringlist_private.hpp */ = {isa = PBXFileReference; lastKnownFileType = sourcecode.cpp.h; name = autil_stringlist_private.hpp; path = "Audio Manager/autil_stringlist_private.hpp"; sourceTree = "<group>"; };
		A3DD27F21D735B1D00254892 /* autil_audioprocessingunit_private.hpp */ = {isa = PBXFileReference; lastKnownFileType = sourcecode.cpp.h; name = autil_audioprocessingunit_private.hpp; path = "Audio Manager/autil_audioprocessingunit_private.hpp"; sourceTree = "<group>"; };
		A3F7444E1CF653C10004C79A /* autil_dspkernel.cpp */ = {isa = PBXFileReference; fileEncoding = 4; lastKnownFileType = sourcecode.cpp.cpp; name = autil_dspkernel.cpp; path = "Audio Manager/autil_dspkernel.cpp"; sourceTree = "<group>"; };
		A3F7444F1CF653C10004C79A /* autil_dspkernel.hpp */ = {isa = PBXFileReference; fileEncoding = 4; lastKnownFileType = sourcecode.cpp.h; name = autil_dspkernel.hpp; path = "Audio Manager/autil_dspkernel.hpp"; sourceTree = "<group>"; };
		A3F744501CF653C10004C79A /* autil_file.cpp */ = {isa = PBXFileReference; fileEncoding = 4; lastKnownFileType = sourcecode.cpp.cpp; name = autil_file.cpp; path = "Audio Manager/autil_file.cpp"; sourceTree = "<group>"; };
		A3F744511CF653C10004C79A /* autil_file.hpp */ = {isa = PBXFileReference; fileEncoding = 4; lastKnownFileType = sourcecode.cpp.h; name = autil_file.hpp; path = "Audio Manager/autil_file.hpp"; sourceTree = "<group>"; };
		A3F744521CF653C10004C79A /* autil_manager.cpp */ = {isa = PBXFileReference; fileEncoding = 4; lastKnownFileType = sourcecode.cpp.cpp; name = autil_manager.cpp; path = "Audio Manager/autil_manager.cpp"; sourceTree = "<group>"; };
		A3F744531CF653C10004C79A /* autil_manager.hpp */ = {isa = PBXFileReference; fileEncoding = 4; lastKnownFileType = sourcecode.cpp.h; name = autil_manager.hpp; path = "Audio Manager/autil_manager.hpp"; sourceTree = "<group>"; };
		A3F744541CF653C10004C79A /* autil_audioprocessingunit.cpp */ = {isa = PBXFileReference; fileEncoding = 4; lastKnownFileType = sourcecode.cpp.cpp; name = autil_audioprocessingunit.cpp; path = "Audio Manager/autil_audioprocessingunit.cpp"; sourceTree = "<group>"; };
		A3F744551CF653C10004C79A /* autil_audioprocessingunit.hpp */ = {isa = PBXFileReference; fileEncoding = 4; lastKnownFileType = sourcecode.cpp.h; name = autil_audioprocessingunit.hpp; path = "Audio Manager/autil_audioprocessingunit.hpp"; sourceTree = "<group>"; };
		A3F7445E1CF653F70004C79A /* bdsp_apu.cpp */ = {isa = PBXFileReference; fileEncoding = 4; lastKnownFileType = sourcecode.cpp.cpp; name = bdsp_apu.cpp; path = BlockDSP/bdsp_apu.cpp; sourceTree = "<group>"; };
		A3F7445F1CF653F70004C79A /* bdsp_apu.hpp */ = {isa = PBXFileReference; fileEncoding = 4; lastKnownFileType = sourcecode.cpp.h; name = bdsp_apu.hpp; path = BlockDSP/bdsp_apu.hpp; sourceTree = "<group>"; };
		A3F744601CF653F70004C79A /* bdsp_node.cpp */ = {isa = PBXFileReference; fileEncoding = 4; lastKnownFileType = sourcecode.cpp.cpp; name = bdsp_node.cpp; path = BlockDSP/bdsp_node.cpp; sourceTree = "<group>"; };
		A3F744611CF653F70004C79A /* bdsp_node.hpp */ = {isa = PBXFileReference; fileEncoding = 4; lastKnownFileType = sourcecode.cpp.h; name = bdsp_node.hpp; path = BlockDSP/bdsp_node.hpp; sourceTree = "<group>"; };
		A3F744641CF653F70004C79A /* bdsp_parameter.cpp */ = {isa = PBXFileReference; fileEncoding = 4; lastKnownFileType = sourcecode.cpp.cpp; name = bdsp_parameter.cpp; path = BlockDSP/bdsp_parameter.cpp; sourceTree = "<group>"; };
		A3F744651CF653F70004C79A /* bdsp_parameter.hpp */ = {isa = PBXFileReference; fileEncoding = 4; lastKnownFileType = sourcecode.cpp.h; name = bdsp_parameter.hpp; path = BlockDSP/bdsp_parameter.hpp; sourceTree = "<group>"; };
		A3F744661CF653F70004C79A /* bdsp_system.cpp */ = {isa = PBXFileReference; fileEncoding = 4; lastKnownFileType = sourcecode.cpp.cpp; name = bdsp_system.cpp; path = BlockDSP/bdsp_system.cpp; sourceTree = "<group>"; };
		A3F744671CF653F70004C79A /* bdsp_system.hpp */ = {isa = PBXFileReference; fileEncoding = 4; lastKnownFileType = sourcecode.cpp.h; name = bdsp_system.hpp; path = BlockDSP/bdsp_system.hpp; sourceTree = "<group>"; };
		A3F744681CF653F70004C79A /* dsputil_delaybuffer.cpp */ = {isa = PBXFileReference; fileEncoding = 4; lastKnownFileType = sourcecode.cpp.cpp; name = dsputil_delaybuffer.cpp; path = BlockDSP/dsputil_delaybuffer.cpp; sourceTree = "<group>"; };
		A3F744691CF653F70004C79A /* dsputil_delaybuffer.hpp */ = {isa = PBXFileReference; fileEncoding = 4; lastKnownFileType = sourcecode.cpp.h; name = dsputil_delaybuffer.hpp; path = BlockDSP/dsputil_delaybuffer.hpp; sourceTree = "<group>"; };
		A3F7446A1CF653F70004C79A /* dsphelpers.hpp */ = {isa = PBXFileReference; fileEncoding = 4; lastKnownFileType = sourcecode.cpp.h; name = dsphelpers.hpp; path = BlockDSP/dsphelpers.hpp; sourceTree = "<group>"; };
		A3F7447F1CF656860004C79A /* bdsp_codebuilder.cpp */ = {isa = PBXFileReference; fileEncoding = 4; lastKnownFileType = sourcecode.cpp.cpp; name = bdsp_codebuilder.cpp; path = "Code Generation/bdsp_codebuilder.cpp"; sourceTree = "<group>"; };
		A3F744801CF656860004C79A /* bdsp_codebuilder.hpp */ = {isa = PBXFileReference; fileEncoding = 4; lastKnownFileType = sourcecode.cpp.h; name = bdsp_codebuilder.hpp; path = "Code Generation/bdsp_codebuilder.hpp"; sourceTree = "<group>"; };
/* End PBXFileReference section */

/* Begin PBXFrameworksBuildPhase section */
		A342C6C31CF3ED9E000E354E /* Frameworks */ = {
			isa = PBXFrameworksBuildPhase;
			buildActionMask = 2147483647;
			files = (
			);
			runOnlyForDeploymentPostprocessing = 0;
		};
		A3D020F01CF35CC800EC7C0D /* Frameworks */ = {
			isa = PBXFrameworksBuildPhase;
			buildActionMask = 2147483647;
			files = (
			);
			runOnlyForDeploymentPostprocessing = 0;
		};
/* End PBXFrameworksBuildPhase section */

/* Begin PBXGroup section */
		A31E34231CFCB9610051A6FB /* Private Headers */ = {
			isa = PBXGroup;
			children = (
				A31E342B1CFCBC920051A6FB /* bdsp_apuloader_private.hpp */,
				A31E342C1CFCBC920051A6FB /* bdsp_codebuilder_private.hpp */,
				A31E342D1CFCBC920051A6FB /* bdsp_compiler_private.hpp */,
			);
			name = "Private Headers";
			sourceTree = "<group>";
		};
		A31E343D1CFCBD710051A6FB /* Logger */ = {
			isa = PBXGroup;
			children = (
				A31E343E1CFCBD8F0051A6FB /* bdsp_logger.cpp */,
				A31E343F1CFCBD8F0051A6FB /* bdsp_logger.hpp */,
				A3CCF9B41D26027300B521E3 /* bdsp_logger_private.hpp */,
			);
			name = Logger;
			sourceTree = "<group>";
		};
		A32854841D64896C0052B516 /* BuiltIns */ = {
			isa = PBXGroup;
			children = (
				A32854851D6489DD0052B516 /* bdsp_builtin_delay.cpp */,
				A32854861D6489DD0052B516 /* bdsp_builtin_delay.hpp */,
				A32A76961DBEDB81004EE537 /* bdsp_builtin_gain.cpp */,
				A32A76971DBEDB81004EE537 /* bdsp_builtin_gain.hpp */,
			);
			name = BuiltIns;
			sourceTree = "<group>";
		};
		A329C6311D159BF700D8D7CF /* Supporting Files */ = {
			isa = PBXGroup;
			children = (
				A329C62F1D1596B800D8D7CF /* blockdsp.h */,
			);
			name = "Supporting Files";
			sourceTree = "<group>";
		};
		A342C6C71CF3ED9E000E354E /* dsptest */ = {
			isa = PBXGroup;
			children = (
				A342C6C81CF3ED9E000E354E /* main.cpp */,
			);
			path = dsptest;
			sourceTree = "<group>";
		};
		A39D435B1CF54EDD0003EB51 /* APUtils */ = {
			isa = PBXGroup;
			children = (
				A3FF33231CFC92CB0021953E /* Private Headers */,
				A3F7444E1CF653C10004C79A /* autil_dspkernel.cpp */,
				A3F7444F1CF653C10004C79A /* autil_dspkernel.hpp */,
				A3F744501CF653C10004C79A /* autil_file.cpp */,
				A3F744511CF653C10004C79A /* autil_file.hpp */,
				A3F744521CF653C10004C79A /* autil_manager.cpp */,
				A3F744531CF653C10004C79A /* autil_manager.hpp */,
				A3F744541CF653C10004C79A /* autil_audioprocessingunit.cpp */,
				A3F744551CF653C10004C79A /* autil_audioprocessingunit.hpp */,
				A379CF7F1D4D4770008A6961 /* autil_thread_manager.cpp */,
				A379CF7E1D4D45DF008A6961 /* autil_thread_manager.hpp */,
				A34593711D6F59080055B14C /* autil_number.cpp */,
				A34593721D6F59080055B14C /* autil_number.hpp */,
				A3569AFD1D70B8FD0055D991 /* autil_parameter.cpp */,
				A3569AFE1D70B8FD0055D991 /* autil_parameter.hpp */,
				A33E2CA11D7483BB0067422B /* autil_uiattrs.h */,
				A3D9EBD61D81D44D0092FD24 /* autil_stringlist.cpp */,
				A3D9EBD71D81D44D0092FD24 /* autil_stringlist.hpp */,
				A336EEDC1D83298E00CA4059 /* autil_parametermap.cpp */,
				A336EEDD1D83298E00CA4059 /* autil_parametermap.hpp */,
			);
			name = APUtils;
			sourceTree = "<group>";
		};
		A39D436E1CF5529D0003EB51 /* BlockDSP */ = {
			isa = PBXGroup;
			children = (
				A3FF33271CFC988B0021953E /* Private Headers */,
				A3F7445E1CF653F70004C79A /* bdsp_apu.cpp */,
				A3F7445F1CF653F70004C79A /* bdsp_apu.hpp */,
				A3F744601CF653F70004C79A /* bdsp_node.cpp */,
				A3F744611CF653F70004C79A /* bdsp_node.hpp */,
				A3F744641CF653F70004C79A /* bdsp_parameter.cpp */,
				A3F744651CF653F70004C79A /* bdsp_parameter.hpp */,
				A3F744661CF653F70004C79A /* bdsp_system.cpp */,
				A3F744671CF653F70004C79A /* bdsp_system.hpp */,
				A3F744681CF653F70004C79A /* dsputil_delaybuffer.cpp */,
				A3F744691CF653F70004C79A /* dsputil_delaybuffer.hpp */,
				A3F7446A1CF653F70004C79A /* dsphelpers.hpp */,
				A35AD08A1D633E5000875A78 /* bdsp_node_apu.cpp */,
				A35AD08B1D633E5000875A78 /* bdsp_node_apu.hpp */,
			);
			name = BlockDSP;
			sourceTree = "<group>";
		};
		A3D020EA1CF35CC800EC7C0D = {
			isa = PBXGroup;
			children = (
				A32854841D64896C0052B516 /* BuiltIns */,
				A31E343D1CFCBD710051A6FB /* Logger */,
				A3F7444D1CF6538A0004C79A /* Code Generation */,
				A39D436E1CF5529D0003EB51 /* BlockDSP */,
				A39D435B1CF54EDD0003EB51 /* APUtils */,
				A342C6C71CF3ED9E000E354E /* dsptest */,
				A3D020F41CF35CC800EC7C0D /* Products */,
				A3F744781CF6543F0004C79A /* Resources */,
				A329C6311D159BF700D8D7CF /* Supporting Files */,
			);
			sourceTree = "<group>";
		};
		A3D020F41CF35CC800EC7C0D /* Products */ = {
			isa = PBXGroup;
			children = (
				A3D020F31CF35CC800EC7C0D /* libblockdsp.a */,
				A342C6C61CF3ED9E000E354E /* dsptest */,
			);
			name = Products;
			sourceTree = "<group>";
		};
		A3F7444D1CF6538A0004C79A /* Code Generation */ = {
			isa = PBXGroup;
			children = (
				A31E34231CFCB9610051A6FB /* Private Headers */,
				A3F7447F1CF656860004C79A /* bdsp_codebuilder.cpp */,
				A3F744801CF656860004C79A /* bdsp_codebuilder.hpp */,
				A3A02BAA1D40F83500AF8825 /* bdsp_compiler.cpp */,
				A31E34281CFCBC810051A6FB /* bdsp_compiler.hpp */,
				A3D16D391CFB231600B99903 /* bdsp_apuloader.cpp */,
				A3D16D3A1CFB231600B99903 /* bdsp_apuloader.hpp */,
			);
			name = "Code Generation";
			sourceTree = "<group>";
		};
		A3F744781CF6543F0004C79A /* Resources */ = {
			isa = PBXGroup;
			children = (
			);
			name = Resources;
			sourceTree = "<group>";
		};
		A3FF33231CFC92CB0021953E /* Private Headers */ = {
			isa = PBXGroup;
			children = (
				A31E34391CFCBCBD0051A6FB /* autil_file_private.hpp */,
				A31E343A1CFCBCBD0051A6FB /* autil_manager_private.hpp */,
				A3569B011D70BBFC0055D991 /* autil_parameter_private.hpp */,
				A3DD27F21D735B1D00254892 /* autil_audioprocessingunit_private.hpp */,
				A3D9EBDA1D81D5540092FD24 /* autil_stringlist_private.hpp */,
				A336EEE01D832CC500CA4059 /* autil_parametermap_private.hpp */,
			);
			name = "Private Headers";
			sourceTree = "<group>";
		};
		A3FF33271CFC988B0021953E /* Private Headers */ = {
			isa = PBXGroup;
			children = (
				A31E34311CFCBCA60051A6FB /* bdsp_node_private.hpp */,
				A31E34331CFCBCA60051A6FB /* bdsp_parameter_private.hpp */,
				A31E34371CFCBCAC0051A6FB /* bdsp_system_private.hpp */,
			);
			name = "Private Headers";
			sourceTree = "<group>";
		};
/* End PBXGroup section */

/* Begin PBXHeadersBuildPhase section */
		A3D020F11CF35CC800EC7C0D /* Headers */ = {
			isa = PBXHeadersBuildPhase;
			buildActionMask = 2147483647;
			files = (
				A329C6301D15997000D8D7CF /* blockdsp.h in Headers */,
				A31E34301CFCBC920051A6FB /* bdsp_compiler_private.hpp in Headers */,
				A31E342F1CFCBC920051A6FB /* bdsp_codebuilder_private.hpp in Headers */,
				A3CCF9B51D26027300B521E3 /* bdsp_logger_private.hpp in Headers */,
				A34593741D6F59080055B14C /* autil_number.hpp in Headers */,
				A35AD08D1D633E5000875A78 /* bdsp_node_apu.hpp in Headers */,
				A3569B001D70B8FD0055D991 /* autil_parameter.hpp in Headers */,
				A3F744741CF653F70004C79A /* bdsp_system.hpp in Headers */,
				A3F7446C1CF653F70004C79A /* bdsp_apu.hpp in Headers */,
				A31E34411CFCBD8F0051A6FB /* bdsp_logger.hpp in Headers */,
				A3D16D3C1CFB231600B99903 /* bdsp_apuloader.hpp in Headers */,
				A3F744721CF653F70004C79A /* bdsp_parameter.hpp in Headers */,
				A31E342A1CFCBC810051A6FB /* bdsp_compiler.hpp in Headers */,
				A3F7446E1CF653F70004C79A /* bdsp_node.hpp in Headers */,
				A3F7445B1CF653C10004C79A /* autil_manager.hpp in Headers */,
				A31E34341CFCBCA60051A6FB /* bdsp_node_private.hpp in Headers */,
				A3F744821CF656860004C79A /* bdsp_codebuilder.hpp in Headers */,
				A32A76991DBEDB81004EE537 /* bdsp_builtin_gain.hpp in Headers */,
				A31E343B1CFCBCBD0051A6FB /* autil_file_private.hpp in Headers */,
				A33E2CA21D7483BB0067422B /* autil_uiattrs.h in Headers */,
				A31E342E1CFCBC920051A6FB /* bdsp_apuloader_private.hpp in Headers */,
				A3F7445D1CF653C10004C79A /* autil_audioprocessingunit.hpp in Headers */,
				A3F744591CF653C10004C79A /* autil_file.hpp in Headers */,
				A32854881D6489DD0052B516 /* bdsp_builtin_delay.hpp in Headers */,
				A31E343C1CFCBCBD0051A6FB /* autil_manager_private.hpp in Headers */,
				A31E34381CFCBCAC0051A6FB /* bdsp_system_private.hpp in Headers */,
				A3D9EBD91D81D44D0092FD24 /* autil_stringlist.hpp in Headers */,
				A31E34361CFCBCA60051A6FB /* bdsp_parameter_private.hpp in Headers */,
				A3F744571CF653C10004C79A /* autil_dspkernel.hpp in Headers */,
				A3F744761CF653F70004C79A /* dsputil_delaybuffer.hpp in Headers */,
				A3F744771CF653F70004C79A /* dsphelpers.hpp in Headers */,
				A336EEDF1D83298E00CA4059 /* autil_parametermap.hpp in Headers */,
			);
			runOnlyForDeploymentPostprocessing = 0;
		};
/* End PBXHeadersBuildPhase section */

/* Begin PBXNativeTarget section */
		A342C6C51CF3ED9E000E354E /* dsptest */ = {
			isa = PBXNativeTarget;
			buildConfigurationList = A342C6CA1CF3ED9E000E354E /* Build configuration list for PBXNativeTarget "dsptest" */;
			buildPhases = (
				A342C6C21CF3ED9E000E354E /* Sources */,
				A342C6C31CF3ED9E000E354E /* Frameworks */,
				A342C6C41CF3ED9E000E354E /* CopyFiles */,
			);
			buildRules = (
			);
			dependencies = (
			);
			name = dsptest;
			productName = dsptest;
			productReference = A342C6C61CF3ED9E000E354E /* dsptest */;
			productType = "com.apple.product-type.tool";
		};
		A3D020F21CF35CC800EC7C0D /* libblockdsp */ = {
			isa = PBXNativeTarget;
			buildConfigurationList = A3D020F71CF35CC800EC7C0D /* Build configuration list for PBXNativeTarget "libblockdsp" */;
			buildPhases = (
				A3D020EF1CF35CC800EC7C0D /* Sources */,
				A3D020F01CF35CC800EC7C0D /* Frameworks */,
				A3D020F11CF35CC800EC7C0D /* Headers */,
				A3FF33261CFC97750021953E /* ShellScript */,
			);
			buildRules = (
			);
			dependencies = (
			);
			name = libblockdsp;
			productName = libblockdsp;
			productReference = A3D020F31CF35CC800EC7C0D /* libblockdsp.a */;
			productType = "com.apple.product-type.library.static";
		};
/* End PBXNativeTarget section */

/* Begin PBXProject section */
		A3D020EB1CF35CC800EC7C0D /* Project object */ = {
			isa = PBXProject;
			attributes = {
				LastUpgradeCheck = 0800;
				ORGANIZATIONNAME = "Luke Habermehl";
				TargetAttributes = {
					A342C6C51CF3ED9E000E354E = {
						CreatedOnToolsVersion = 7.3.1;
					};
					A3D020F21CF35CC800EC7C0D = {
						CreatedOnToolsVersion = 7.3.1;
					};
				};
			};
			buildConfigurationList = A3D020EE1CF35CC800EC7C0D /* Build configuration list for PBXProject "libblockdsp" */;
			compatibilityVersion = "Xcode 3.2";
			developmentRegion = English;
			hasScannedForEncodings = 0;
			knownRegions = (
				en,
			);
			mainGroup = A3D020EA1CF35CC800EC7C0D;
			productRefGroup = A3D020F41CF35CC800EC7C0D /* Products */;
			projectDirPath = "";
			projectRoot = "";
			targets = (
				A3D020F21CF35CC800EC7C0D /* libblockdsp */,
				A342C6C51CF3ED9E000E354E /* dsptest */,
			);
		};
/* End PBXProject section */

/* Begin PBXShellScriptBuildPhase section */
		A3FF33261CFC97750021953E /* ShellScript */ = {
			isa = PBXShellScriptBuildPhase;
			buildActionMask = 2147483647;
			files = (
			);
			inputPaths = (
			);
			outputPaths = (
			);
			runOnlyForDeploymentPostprocessing = 0;
			shellPath = /bin/sh;
			shellScript = "M_INCLUDE_DIR=\"/usr/local/include/blockdsp\"\nM_LIB_DIR=\"/usr/local/lib\"\n\n# Move blockdsp.h to /usr/local/include\nmv $BUILT_PRODUCTS_DIR/usr/local/include/blockdsp.h /usr/local/include/\n\n# Make sure the blockdsp include subdir exists\nif [ ! -d $M_INCLUDE_DIR ]; then\n  mkdir $M_INCLUDE_DIR\nfi\n\n# Copy public headers to include path\ncp -f $BUILT_PRODUCTS_DIR/usr/local/include/* $M_INCLUDE_DIR/\ncp -f $BUILT_PRODUCTS_DIR/libblockdsp.a $M_LIB_DIR\n";
		};
/* End PBXShellScriptBuildPhase section */

/* Begin PBXSourcesBuildPhase section */
		A342C6C21CF3ED9E000E354E /* Sources */ = {
			isa = PBXSourcesBuildPhase;
			buildActionMask = 2147483647;
			files = (
				A342C6C91CF3ED9E000E354E /* main.cpp in Sources */,
			);
			runOnlyForDeploymentPostprocessing = 0;
		};
		A3D020EF1CF35CC800EC7C0D /* Sources */ = {
			isa = PBXSourcesBuildPhase;
			buildActionMask = 2147483647;
			files = (
				A3F7445A1CF653C10004C79A /* autil_manager.cpp in Sources */,
				A32854871D6489DD0052B516 /* bdsp_builtin_delay.cpp in Sources */,
				A31E34401CFCBD8F0051A6FB /* bdsp_logger.cpp in Sources */,
				A3F744711CF653F70004C79A /* bdsp_parameter.cpp in Sources */,
				A336EEDE1D83298E00CA4059 /* autil_parametermap.cpp in Sources */,
				A3F7446D1CF653F70004C79A /* bdsp_node.cpp in Sources */,
				A3F744581CF653C10004C79A /* autil_file.cpp in Sources */,
				A3569AFF1D70B8FD0055D991 /* autil_parameter.cpp in Sources */,
				A35AD08C1D633E5000875A78 /* bdsp_node_apu.cpp in Sources */,
				A3A02BAB1D40F83500AF8825 /* bdsp_compiler.cpp in Sources */,
				A34593731D6F59080055B14C /* autil_number.cpp in Sources */,
				A3F744561CF653C10004C79A /* autil_dspkernel.cpp in Sources */,
				A379CF801D4D4770008A6961 /* autil_thread_manager.cpp in Sources */,
				A3F744751CF653F70004C79A /* dsputil_delaybuffer.cpp in Sources */,
				A3F7445C1CF653C10004C79A /* autil_audioprocessingunit.cpp in Sources */,
				A3D9EBD81D81D44D0092FD24 /* autil_stringlist.cpp in Sources */,
				A3F7446B1CF653F70004C79A /* bdsp_apu.cpp in Sources */,
				A3F744811CF656860004C79A /* bdsp_codebuilder.cpp in Sources */,
				A3D16D3B1CFB231600B99903 /* bdsp_apuloader.cpp in Sources */,
				A3F744731CF653F70004C79A /* bdsp_system.cpp in Sources */,
				A32A76981DBEDB81004EE537 /* bdsp_builtin_gain.cpp in Sources */,
			);
			runOnlyForDeploymentPostprocessing = 0;
		};
/* End PBXSourcesBuildPhase section */

/* Begin XCBuildConfiguration section */
		A342C6CB1CF3ED9E000E354E /* Debug */ = {
			isa = XCBuildConfiguration;
			buildSettings = {
				HEADER_SEARCH_PATHS = /usr/local/include;
				LIBRARY_SEARCH_PATHS = (
					/usr/local/lib,
					"${BUILD_DIR}/**",
				);
				OTHER_LDFLAGS = (
					"-lsndfile",
					"-lportaudio",
					"-lblockdsp",
				);
				PRODUCT_NAME = "$(TARGET_NAME)";
			};
			name = Debug;
		};
		A342C6CC1CF3ED9E000E354E /* Release */ = {
			isa = XCBuildConfiguration;
			buildSettings = {
				HEADER_SEARCH_PATHS = /usr/local/include;
				LIBRARY_SEARCH_PATHS = (
					/usr/local/lib,
					"${BUILD_DIR}/**",
				);
				OTHER_LDFLAGS = (
					"-lsndfile",
					"-lportaudio",
					"-lblockdsp",
				);
				PRODUCT_NAME = "$(TARGET_NAME)";
			};
			name = Release;
		};
		A3D020F51CF35CC800EC7C0D /* Debug */ = {
			isa = XCBuildConfiguration;
			buildSettings = {
				ALWAYS_SEARCH_USER_PATHS = NO;
				CLANG_ANALYZER_NONNULL = YES;
				CLANG_CXX_LANGUAGE_STANDARD = "gnu++0x";
				CLANG_CXX_LIBRARY = "libc++";
				CLANG_ENABLE_MODULES = YES;
				CLANG_ENABLE_OBJC_ARC = YES;
				CLANG_WARN_BOOL_CONVERSION = YES;
				CLANG_WARN_CONSTANT_CONVERSION = YES;
				CLANG_WARN_DIRECT_OBJC_ISA_USAGE = YES_ERROR;
				CLANG_WARN_EMPTY_BODY = YES;
				CLANG_WARN_ENUM_CONVERSION = YES;
				CLANG_WARN_INFINITE_RECURSION = YES;
				CLANG_WARN_INT_CONVERSION = YES;
				CLANG_WARN_OBJC_ROOT_CLASS = YES_ERROR;
				CLANG_WARN_SUSPICIOUS_MOVE = YES;
				CLANG_WARN_UNREACHABLE_CODE = YES;
				CLANG_WARN__DUPLICATE_METHOD_MATCH = YES;
				CODE_SIGN_IDENTITY = "-";
				COPY_PHASE_STRIP = NO;
				DEBUG_INFORMATION_FORMAT = dwarf;
				ENABLE_STRICT_OBJC_MSGSEND = YES;
				ENABLE_TESTABILITY = YES;
				GCC_C_LANGUAGE_STANDARD = gnu99;
				GCC_DYNAMIC_NO_PIC = NO;
				GCC_NO_COMMON_BLOCKS = YES;
				GCC_OPTIMIZATION_LEVEL = 0;
				GCC_PREPROCESSOR_DEFINITIONS = (
					"DEBUG=1",
					"$(inherited)",
				);
				GCC_WARN_64_TO_32_BIT_CONVERSION = YES;
				GCC_WARN_ABOUT_RETURN_TYPE = YES_ERROR;
				GCC_WARN_UNDECLARED_SELECTOR = YES;
				GCC_WARN_UNINITIALIZED_AUTOS = YES_AGGRESSIVE;
				GCC_WARN_UNUSED_FUNCTION = YES;
				GCC_WARN_UNUSED_VARIABLE = YES;
				MACOSX_DEPLOYMENT_TARGET = 10.11;
				MTL_ENABLE_DEBUG_INFO = YES;
				ONLY_ACTIVE_ARCH = YES;
				SDKROOT = macosx;
			};
			name = Debug;
		};
		A3D020F61CF35CC800EC7C0D /* Release */ = {
			isa = XCBuildConfiguration;
			buildSettings = {
				ALWAYS_SEARCH_USER_PATHS = NO;
				CLANG_ANALYZER_NONNULL = YES;
				CLANG_CXX_LANGUAGE_STANDARD = "gnu++0x";
				CLANG_CXX_LIBRARY = "libc++";
				CLANG_ENABLE_MODULES = YES;
				CLANG_ENABLE_OBJC_ARC = YES;
				CLANG_WARN_BOOL_CONVERSION = YES;
				CLANG_WARN_CONSTANT_CONVERSION = YES;
				CLANG_WARN_DIRECT_OBJC_ISA_USAGE = YES_ERROR;
				CLANG_WARN_EMPTY_BODY = YES;
				CLANG_WARN_ENUM_CONVERSION = YES;
				CLANG_WARN_INFINITE_RECURSION = YES;
				CLANG_WARN_INT_CONVERSION = YES;
				CLANG_WARN_OBJC_ROOT_CLASS = YES_ERROR;
				CLANG_WARN_SUSPICIOUS_MOVE = YES;
				CLANG_WARN_UNREACHABLE_CODE = YES;
				CLANG_WARN__DUPLICATE_METHOD_MATCH = YES;
				CODE_SIGN_IDENTITY = "-";
				COPY_PHASE_STRIP = NO;
				DEBUG_INFORMATION_FORMAT = "dwarf-with-dsym";
				ENABLE_NS_ASSERTIONS = NO;
				ENABLE_STRICT_OBJC_MSGSEND = YES;
				GCC_C_LANGUAGE_STANDARD = gnu99;
				GCC_NO_COMMON_BLOCKS = YES;
				GCC_WARN_64_TO_32_BIT_CONVERSION = YES;
				GCC_WARN_ABOUT_RETURN_TYPE = YES_ERROR;
				GCC_WARN_UNDECLARED_SELECTOR = YES;
				GCC_WARN_UNINITIALIZED_AUTOS = YES_AGGRESSIVE;
				GCC_WARN_UNUSED_FUNCTION = YES;
				GCC_WARN_UNUSED_VARIABLE = YES;
				MACOSX_DEPLOYMENT_TARGET = 10.11;
				MTL_ENABLE_DEBUG_INFO = NO;
				SDKROOT = macosx;
			};
			name = Release;
		};
		A3D020F81CF35CC800EC7C0D /* Debug */ = {
			isa = XCBuildConfiguration;
			buildSettings = {
				EXECUTABLE_PREFIX = "";
				HEADER_SEARCH_PATHS = /usr/local/include;
				LIBRARY_SEARCH_PATHS = /usr/local/lib;
				OTHER_LDFLAGS = (
					"-lportaudio",
					"-ldl",
				);
				PRODUCT_NAME = "$(TARGET_NAME)";
			};
			name = Debug;
		};
		A3D020F91CF35CC800EC7C0D /* Release */ = {
			isa = XCBuildConfiguration;
			buildSettings = {
				EXECUTABLE_PREFIX = "";
				HEADER_SEARCH_PATHS = /usr/local/include;
				LIBRARY_SEARCH_PATHS = /usr/local/lib;
				OTHER_LDFLAGS = (
					"-lportaudio",
					"-ldl",
				);
				PRODUCT_NAME = "$(TARGET_NAME)";
			};
			name = Release;
		};
/* End XCBuildConfiguration section */

/* Begin XCConfigurationList section */
		A342C6CA1CF3ED9E000E354E /* Build configuration list for PBXNativeTarget "dsptest" */ = {
			isa = XCConfigurationList;
			buildConfigurations = (
				A342C6CB1CF3ED9E000E354E /* Debug */,
				A342C6CC1CF3ED9E000E354E /* Release */,
			);
			defaultConfigurationIsVisible = 0;
			defaultConfigurationName = Release;
		};
		A3D020EE1CF35CC800EC7C0D /* Build configuration list for PBXProject "libblockdsp" */ = {
			isa = XCConfigurationList;
			buildConfigurations = (
				A3D020F51CF35CC800EC7C0D /* Debug */,
				A3D020F61CF35CC800EC7C0D /* Release */,
			);
			defaultConfigurationIsVisible = 0;
			defaultConfigurationName = Release;
		};
		A3D020F71CF35CC800EC7C0D /* Build configuration list for PBXNativeTarget "libblockdsp" */ = {
			isa = XCConfigurationList;
			buildConfigurations = (
				A3D020F81CF35CC800EC7C0D /* Debug */,
				A3D020F91CF35CC800EC7C0D /* Release */,
			);
			defaultConfigurationIsVisible = 0;
			defaultConfigurationName = Release;
		};
/* End XCConfigurationList section */
	};
	rootObject = A3D020EB1CF35CC800EC7C0D /* Project object */;
}
